
Microsoft Visual Studio Solution File, Format Version 12.00
# Visual Studio Version 17
VisualStudioVersion = 17.8.34525.116
MinimumVisualStudioVersion = 10.0.40219.1
Project("{FAE04EC0-301F-11D3-BF4B-00C04F79EFBC}") = "FrameSlice", "FrameSlice\FrameSlice.csproj", "{B195B7B9-BDBF-47F5-B61D-128044E9DE04}"
EndProject
Global
	GlobalSection(SolutionConfigurationPlatforms) = preSolution
		Debug|Any CPU = Debug|Any CPU
		Release|Any CPU = Release|Any CPU
	EndGlobalSection
	GlobalSection(ProjectConfigurationPlatforms) = postSolution
		{B195B7B9-BDBF-47F5-B61D-128044E9DE04}.Debug|Any CPU.ActiveCfg = Debug|Any CPU
		{B195B7B9-BDBF-47F5-B61D-128044E9DE04}.Debug|Any CPU.Build.0 = Debug|Any CPU
		{B195B7B9-BDBF-47F5-B61D-128044E9DE04}.Release|Any CPU.ActiveCfg = Release|Any CPU
		{B195B7B9-BDBF-47F5-B61D-128044E9DE04}.Release|Any CPU.Build.0 = Release|Any CPU
	EndGlobalSection
	GlobalSection(SolutionProperties) = preSolution
		HideSolutionNode = FALSE
	EndGlobalSection
	GlobalSection(ExtensibilityGlobals) = postSolution
		SolutionGuid = {2970D57F-5275-4851-B51B-97149C960DC1}
	EndGlobalSection
EndGlobal
